{
  "version": 4,
  "terraform_version": "1.12.1",
  "serial": 41,
  "lineage": "ee84bec7-9607-5caa-a9bb-ba6e1ff1f73a",
  "outputs": {
    "alb_dns_name": {
      "value": "flask-app-tf-alb-1028148465.eu-north-1.elb.amazonaws.com",
      "type": "string"
    },
    "alb_security_group_id": {
      "value": "sg-0ec2f58c89c9b9c22",
      "type": "string"
    },
    "alb_zone_id": {
      "value": "Z23TAZ6LKFMNIO",
      "type": "string"
    },
    "ecs_cluster_name": {
      "value": "flask-app-tf-cluster",
      "type": "string"
    },
    "ecs_security_group_id": {
      "value": "sg-08ce18c6d86c44a75",
      "type": "string"
    },
    "ecs_service_name": {
      "value": "flask-app-tf-service",
      "type": "string"
    },
    "ecs_task_execution_role_arn": {
      "value": "arn:aws:iam::303981612052:role/ecsTaskExecutionRole",
      "type": "string"
    },
    "private_subnet_ids": {
      "value": [
        "subnet-09468bbf67d04ff63",
        "subnet-090482e74ffb9dd3b"
      ],
      "type": [
        "list",
        "string"
      ]
    },
    "task_definition_arn": {
      "value": "arn:aws:ecs:eu-north-1:303981612052:task-definition/flask-app-tf:1",
      "type": "string"
    },
    "vpc_id": {
      "value": "vpc-02052c2eb890946a4",
      "type": "string"
    }
  },
  "resources": [
    {
      "mode": "data",
      "type": "aws_iam_role",
      "name": "ecs_task_execution_role",
      "provider": "provider[\"registry.terraform.io/hashicorp/aws\"]",
      "instances": [
        {
          "schema_version": 0,
          "attributes": {
            "arn": "arn:aws:iam::303981612052:role/ecsTaskExecutionRole",
            "assume_role_policy": "{\"Version\":\"2012-10-17\",\"Statement\":[{\"Sid\":\"\",\"Effect\":\"Allow\",\"Principal\":{\"Service\":\"ecs-tasks.amazonaws.com\"},\"Action\":\"sts:AssumeRole\"}]}",
            "create_date": "2019-11-20T08:56:22Z",
            "description": "Allows ECS tasks to call AWS services on your behalf.",
            "id": "ecsTaskExecutionRole",
            "max_session_duration": 3600,
            "name": "ecsTaskExecutionRole",
            "path": "/",
            "permissions_boundary": "",
            "role_last_used": [
              {
                "last_used_date": "2025-06-03T08:34:32Z",
                "region": "eu-central-1"
              }
            ],
            "tags": {},
            "unique_id": "AROAUNRVXJQKH66JV6V4F"
          },
          "sensitive_attributes": [],
          "identity_schema_version": 0
        }
      ]
    },
    {
      "mode": "data",
      "type": "aws_subnets",
      "name": "private",
      "provider": "provider[\"registry.terraform.io/hashicorp/aws\"]",
      "instances": [
        {
          "schema_version": 0,
          "attributes": {
            "filter": [
              {
                "name": "map-public-ip-on-launch",
                "values": [
                  "false"
                ]
              },
              {
                "name": "vpc-id",
                "values": [
                  "vpc-02052c2eb890946a4"
                ]
              }
            ],
            "id": "eu-north-1",
            "ids": [
              "subnet-09468bbf67d04ff63",
              "subnet-090482e74ffb9dd3b"
            ],
            "tags": null,
            "timeouts": null
          },
          "sensitive_attributes": [],
          "identity_schema_version": 0
        }
      ]
    },
    {
      "mode": "data",
      "type": "aws_vpc",
      "name": "default_vpc",
      "provider": "provider[\"registry.terraform.io/hashicorp/aws\"]",
      "instances": [
        {
          "schema_version": 0,
          "attributes": {
            "arn": "arn:aws:ec2:eu-north-1:303981612052:vpc/vpc-02052c2eb890946a4",
            "cidr_block": "10.0.0.0/27",
            "cidr_block_associations": [
              {
                "association_id": "vpc-cidr-assoc-0f8fb25cff9e9d58f",
                "cidr_block": "10.0.0.0/27",
                "state": "associated"
              }
            ],
            "default": false,
            "dhcp_options_id": "dopt-017262326de2595de",
            "enable_dns_hostnames": true,
            "enable_dns_support": true,
            "enable_network_address_usage_metrics": false,
            "filter": null,
            "id": "vpc-02052c2eb890946a4",
            "instance_tenancy": "default",
            "ipv6_association_id": "",
            "ipv6_cidr_block": "",
            "main_route_table_id": "rtb-0303b5fcf2b258ac0",
            "owner_id": "303981612052",
            "state": null,
            "tags": {
              "Name": "default"
            },
            "timeouts": null
          },
          "sensitive_attributes": [],
          "identity_schema_version": 0
        }
      ]
    },
    {
      "mode": "managed",
      "type": "aws_ecr_repository",
      "name": "app",
      "provider": "provider[\"registry.terraform.io/hashicorp/aws\"]",
      "instances": [
        {
          "schema_version": 0,
          "attributes": {
            "arn": "arn:aws:ecr:eu-north-1:303981612052:repository/flaskdemo",
            "encryption_configuration": [
              {
                "encryption_type": "AES256",
                "kms_key": ""
              }
            ],
            "force_delete": null,
            "id": "flaskdemo",
            "image_scanning_configuration": [
              {
                "scan_on_push": false
              }
            ],
            "image_tag_mutability": "MUTABLE",
            "name": "flaskdemo",
            "registry_id": "303981612052",
            "repository_url": "303981612052.dkr.ecr.eu-north-1.amazonaws.com/flaskdemo",
            "tags": {},
            "tags_all": {},
            "timeouts": null
          },
          "sensitive_attributes": [],
          "identity_schema_version": 0,
          "private": "eyJlMmJmYjczMC1lY2FhLTExZTYtOGY4OC0zNDM2M2JjN2M0YzAiOnsiZGVsZXRlIjoxMjAwMDAwMDAwMDAwfSwic2NoZW1hX3ZlcnNpb24iOiIwIn0="
        }
      ]
    },
    {
      "mode": "managed",
      "type": "aws_ecs_cluster",
      "name": "main",
      "provider": "provider[\"registry.terraform.io/hashicorp/aws\"]",
      "instances": [
        {
          "schema_version": 0,
          "attributes": {
            "arn": "arn:aws:ecs:eu-north-1:303981612052:cluster/flask-app-tf-cluster",
            "configuration": [],
            "id": "arn:aws:ecs:eu-north-1:303981612052:cluster/flask-app-tf-cluster",
            "name": "flask-app-tf-cluster",
            "service_connect_defaults": [],
            "setting": [
              {
                "name": "containerInsights",
                "value": "enabled"
              }
            ],
            "tags": {
              "Application": "flask-hello-world",
              "Billing": "foo_bar",
              "Client": "travelperk",
              "CreatedDate": "2025-06-30",
              "Github": "fargate-app",
              "Managed": "terraform",
              "Name": "flask-app-tf-cluster",
              "Owner": "bmeadmore",
              "Region": "eu-north-1",
              "Stage": "prod"
            },
            "tags_all": {
              "Application": "flask-hello-world",
              "Billing": "foo_bar",
              "Client": "travelperk",
              "CreatedDate": "2025-06-30",
              "Github": "fargate-app",
              "Managed": "terraform",
              "Name": "flask-app-tf-cluster",
              "Owner": "bmeadmore",
              "Region": "eu-north-1",
              "Stage": "prod"
            }
          },
          "sensitive_attributes": [],
          "identity_schema_version": 0,
          "private": "bnVsbA=="
        }
      ]
    },
    {
      "mode": "managed",
      "type": "aws_ecs_service",
      "name": "app",
      "provider": "provider[\"registry.terraform.io/hashicorp/aws\"]",
      "instances": [
        {
          "schema_version": 1,
          "attributes": {
            "alarms": [],
            "availability_zone_rebalancing": "DISABLED",
            "capacity_provider_strategy": [],
            "cluster": "arn:aws:ecs:eu-north-1:303981612052:cluster/flask-app-tf-cluster",
            "deployment_circuit_breaker": [
              {
                "enable": false,
                "rollback": false
              }
            ],
            "deployment_controller": [
              {
                "type": "ECS"
              }
            ],
            "deployment_maximum_percent": 200,
            "deployment_minimum_healthy_percent": 100,
            "desired_count": 2,
            "enable_ecs_managed_tags": false,
            "enable_execute_command": false,
            "force_delete": null,
            "force_new_deployment": null,
            "health_check_grace_period_seconds": 0,
            "iam_role": "/aws-service-role/ecs.amazonaws.com/AWSServiceRoleForECS",
            "id": "arn:aws:ecs:eu-north-1:303981612052:service/flask-app-tf-cluster/flask-app-tf-service",
            "launch_type": "FARGATE",
            "load_balancer": [
              {
                "container_name": "flask-app-tf",
                "container_port": 5000,
                "elb_name": "",
                "target_group_arn": "arn:aws:elasticloadbalancing:eu-north-1:303981612052:targetgroup/flask-app-tf-tg/ee96aad8dbcbc16d"
              }
            ],
            "name": "flask-app-tf-service",
            "network_configuration": [
              {
                "assign_public_ip": true,
                "security_groups": [
                  "sg-08ce18c6d86c44a75"
                ],
                "subnets": [
                  "subnet-090482e74ffb9dd3b",
                  "subnet-09468bbf67d04ff63"
                ]
              }
            ],
            "ordered_placement_strategy": [],
            "placement_constraints": [],
            "platform_version": "LATEST",
            "propagate_tags": "NONE",
            "scheduling_strategy": "REPLICA",
            "service_connect_configuration": [],
            "service_registries": [],
            "tags": {
              "Application": "flask-hello-world",
              "Billing": "foo_bar",
              "Client": "travelperk",
              "CreatedDate": "2025-06-30",
              "Github": "fargate-app",
              "Managed": "terraform",
              "Name": "flask-app-tf-service",
              "Owner": "bmeadmore",
              "Region": "eu-north-1",
              "Stage": "prod"
            },
            "tags_all": {
              "Application": "flask-hello-world",
              "Billing": "foo_bar",
              "Client": "travelperk",
              "CreatedDate": "2025-06-30",
              "Github": "fargate-app",
              "Managed": "terraform",
              "Name": "flask-app-tf-service",
              "Owner": "bmeadmore",
              "Region": "eu-north-1",
              "Stage": "prod"
            },
            "task_definition": "arn:aws:ecs:eu-north-1:303981612052:task-definition/flask-app-tf:1",
            "timeouts": null,
            "triggers": {},
            "volume_configuration": [],
            "vpc_lattice_configurations": [],
            "wait_for_steady_state": false
          },
          "sensitive_attributes": [],
          "identity_schema_version": 0,
          "private": "eyJlMmJmYjczMC1lY2FhLTExZTYtOGY4OC0zNDM2M2JjN2M0YzAiOnsiY3JlYXRlIjoxMjAwMDAwMDAwMDAwLCJkZWxldGUiOjEyMDAwMDAwMDAwMDAsInVwZGF0ZSI6MTIwMDAwMDAwMDAwMH0sInNjaGVtYV92ZXJzaW9uIjoiMSJ9",
          "dependencies": [
            "aws_ecs_cluster.main",
            "aws_ecs_task_definition.app",
            "aws_lb.main",
            "aws_lb_listener.main",
            "aws_lb_target_group.app",
            "aws_security_group.alb",
            "aws_security_group.ecs_tasks",
            "data.aws_iam_role.ecs_task_execution_role",
            "data.aws_subnets.private",
            "data.aws_vpc.default_vpc"
          ]
        }
      ]
    },
    {
      "mode": "managed",
      "type": "aws_ecs_task_definition",
      "name": "app",
      "provider": "provider[\"registry.terraform.io/hashicorp/aws\"]",
      "instances": [
        {
          "schema_version": 1,
          "attributes": {
            "arn": "arn:aws:ecs:eu-north-1:303981612052:task-definition/flask-app-tf:1",
            "arn_without_revision": "arn:aws:ecs:eu-north-1:303981612052:task-definition/flask-app-tf",
            "container_definitions": "[{\"environment\":[],\"essential\":true,\"image\":\"303981612052.dkr.ecr.eu-north-1.amazonaws.com/flaskdemo:latest\",\"logConfiguration\":{\"logDriver\":\"awslogs\",\"options\":{\"awslogs-group\":\"/ecs/flask-app-tf\",\"awslogs-region\":\"eu-north-1\",\"awslogs-stream-prefix\":\"ecs\"}},\"mountPoints\":[],\"name\":\"flask-app-tf\",\"portMappings\":[{\"containerPort\":5000,\"hostPort\":5000,\"protocol\":\"tcp\"}],\"systemControls\":[],\"volumesFrom\":[]}]",
            "cpu": "256",
            "enable_fault_injection": false,
            "ephemeral_storage": [],
            "execution_role_arn": "arn:aws:iam::303981612052:role/ecsTaskExecutionRole",
            "family": "flask-app-tf",
            "id": "flask-app-tf",
            "inference_accelerator": [],
            "ipc_mode": "",
            "memory": "512",
            "network_mode": "awsvpc",
            "pid_mode": "",
            "placement_constraints": [],
            "proxy_configuration": [],
            "requires_compatibilities": [
              "FARGATE"
            ],
            "revision": 1,
            "runtime_platform": [],
            "skip_destroy": false,
            "tags": {
              "Application": "flask-hello-world",
              "Billing": "foo_bar",
              "Client": "travelperk",
              "CreatedDate": "2025-06-30",
              "Github": "fargate-app",
              "Managed": "terraform",
              "Name": "flask-app-tf-task",
              "Owner": "bmeadmore",
              "Region": "eu-north-1",
              "Stage": "prod"
            },
            "tags_all": {
              "Application": "flask-hello-world",
              "Billing": "foo_bar",
              "Client": "travelperk",
              "CreatedDate": "2025-06-30",
              "Github": "fargate-app",
              "Managed": "terraform",
              "Name": "flask-app-tf-task",
              "Owner": "bmeadmore",
              "Region": "eu-north-1",
              "Stage": "prod"
            },
            "task_role_arn": "",
            "track_latest": false,
            "volume": []
          },
          "sensitive_attributes": [],
          "identity_schema_version": 0,
          "private": "eyJzY2hlbWFfdmVyc2lvbiI6IjEifQ==",
          "dependencies": [
            "data.aws_iam_role.ecs_task_execution_role"
          ]
        }
      ]
    },
    {
      "mode": "managed",
      "type": "aws_lb",
      "name": "main",
      "provider": "provider[\"registry.terraform.io/hashicorp/aws\"]",
      "instances": [
        {
          "schema_version": 0,
          "attributes": {
            "access_logs": [
              {
                "bucket": "",
                "enabled": false,
                "prefix": ""
              }
            ],
            "arn": "arn:aws:elasticloadbalancing:eu-north-1:303981612052:loadbalancer/app/flask-app-tf-alb/eac5bc396eeebb8d",
            "arn_suffix": "app/flask-app-tf-alb/eac5bc396eeebb8d",
            "client_keep_alive": 3600,
            "connection_logs": [
              {
                "bucket": "",
                "enabled": false,
                "prefix": ""
              }
            ],
            "customer_owned_ipv4_pool": "",
            "desync_mitigation_mode": "defensive",
            "dns_name": "flask-app-tf-alb-1028148465.eu-north-1.elb.amazonaws.com",
            "dns_record_client_routing_policy": null,
            "drop_invalid_header_fields": false,
            "enable_cross_zone_load_balancing": true,
            "enable_deletion_protection": false,
            "enable_http2": true,
            "enable_tls_version_and_cipher_suite_headers": false,
            "enable_waf_fail_open": false,
            "enable_xff_client_port": false,
            "enable_zonal_shift": false,
            "enforce_security_group_inbound_rules_on_private_link_traffic": "",
            "id": "arn:aws:elasticloadbalancing:eu-north-1:303981612052:loadbalancer/app/flask-app-tf-alb/eac5bc396eeebb8d",
            "idle_timeout": 60,
            "internal": false,
            "ip_address_type": "ipv4",
            "ipam_pools": [],
            "load_balancer_type": "application",
            "minimum_load_balancer_capacity": [],
            "name": "flask-app-tf-alb",
            "name_prefix": "",
            "preserve_host_header": false,
            "security_groups": [
              "sg-0ec2f58c89c9b9c22"
            ],
            "subnet_mapping": [
              {
                "allocation_id": "",
                "ipv6_address": "",
                "outpost_id": "",
                "private_ipv4_address": "",
                "subnet_id": "subnet-090482e74ffb9dd3b"
              },
              {
                "allocation_id": "",
                "ipv6_address": "",
                "outpost_id": "",
                "private_ipv4_address": "",
                "subnet_id": "subnet-09468bbf67d04ff63"
              }
            ],
            "subnets": [
              "subnet-090482e74ffb9dd3b",
              "subnet-09468bbf67d04ff63"
            ],
            "tags": {
              "Name": "flask-app-tf-alb"
            },
            "tags_all": {
              "Name": "flask-app-tf-alb"
            },
            "timeouts": null,
            "vpc_id": "vpc-02052c2eb890946a4",
            "xff_header_processing_mode": "append",
            "zone_id": "Z23TAZ6LKFMNIO"
          },
          "sensitive_attributes": [],
          "identity_schema_version": 0,
          "private": "eyJlMmJmYjczMC1lY2FhLTExZTYtOGY4OC0zNDM2M2JjN2M0YzAiOnsiY3JlYXRlIjo2MDAwMDAwMDAwMDAsImRlbGV0ZSI6NjAwMDAwMDAwMDAwLCJ1cGRhdGUiOjYwMDAwMDAwMDAwMH19",
          "dependencies": [
            "aws_security_group.alb",
            "data.aws_subnets.private",
            "data.aws_vpc.default_vpc"
          ]
        }
      ]
    },
    {
      "mode": "managed",
      "type": "aws_lb_listener",
      "name": "main",
      "provider": "provider[\"registry.terraform.io/hashicorp/aws\"]",
      "instances": [
        {
          "schema_version": 0,
          "attributes": {
            "alpn_policy": null,
            "arn": "arn:aws:elasticloadbalancing:eu-north-1:303981612052:listener/app/flask-app-tf-alb/eac5bc396eeebb8d/ae7e0f46e68bfd1f",
            "certificate_arn": null,
            "default_action": [
              {
                "authenticate_cognito": [],
                "authenticate_oidc": [],
                "fixed_response": [],
                "forward": [],
                "order": 1,
                "redirect": [],
                "target_group_arn": "arn:aws:elasticloadbalancing:eu-north-1:303981612052:targetgroup/flask-app-tf-tg/ee96aad8dbcbc16d",
                "type": "forward"
              }
            ],
            "id": "arn:aws:elasticloadbalancing:eu-north-1:303981612052:listener/app/flask-app-tf-alb/eac5bc396eeebb8d/ae7e0f46e68bfd1f",
            "load_balancer_arn": "arn:aws:elasticloadbalancing:eu-north-1:303981612052:loadbalancer/app/flask-app-tf-alb/eac5bc396eeebb8d",
            "mutual_authentication": [],
            "port": 80,
            "protocol": "HTTP",
            "routing_http_request_x_amzn_mtls_clientcert_header_name": null,
            "routing_http_request_x_amzn_mtls_clientcert_issuer_header_name": null,
            "routing_http_request_x_amzn_mtls_clientcert_leaf_header_name": null,
            "routing_http_request_x_amzn_mtls_clientcert_serial_number_header_name": null,
            "routing_http_request_x_amzn_mtls_clientcert_subject_header_name": null,
            "routing_http_request_x_amzn_mtls_clientcert_validity_header_name": null,
            "routing_http_request_x_amzn_tls_cipher_suite_header_name": null,
            "routing_http_request_x_amzn_tls_version_header_name": null,
            "routing_http_response_access_control_allow_credentials_header_value": "",
            "routing_http_response_access_control_allow_headers_header_value": "",
            "routing_http_response_access_control_allow_methods_header_value": "",
            "routing_http_response_access_control_allow_origin_header_value": "",
            "routing_http_response_access_control_expose_headers_header_value": "",
            "routing_http_response_access_control_max_age_header_value": "",
            "routing_http_response_content_security_policy_header_value": "",
            "routing_http_response_server_enabled": true,
            "routing_http_response_strict_transport_security_header_value": "",
            "routing_http_response_x_content_type_options_header_value": "",
            "routing_http_response_x_frame_options_header_value": "",
            "ssl_policy": "",
            "tags": {
              "Application": "flask-hello-world",
              "Billing": "foo_bar",
              "Client": "travelperk",
              "CreatedDate": "2025-06-30",
              "Github": "fargate-app",
              "Managed": "terraform",
              "Name": "flask-app-tf-tg",
              "Owner": "bmeadmore",
              "Region": "eu-north-1",
              "Stage": "prod"
            },
            "tags_all": {
              "Application": "flask-hello-world",
              "Billing": "foo_bar",
              "Client": "travelperk",
              "CreatedDate": "2025-06-30",
              "Github": "fargate-app",
              "Managed": "terraform",
              "Name": "flask-app-tf-tg",
              "Owner": "bmeadmore",
              "Region": "eu-north-1",
              "Stage": "prod"
            },
            "tcp_idle_timeout_seconds": null,
            "timeouts": null
          },
          "sensitive_attributes": [],
          "identity_schema_version": 0,
          "private": "eyJlMmJmYjczMC1lY2FhLTExZTYtOGY4OC0zNDM2M2JjN2M0YzAiOnsiY3JlYXRlIjozMDAwMDAwMDAwMDAsInVwZGF0ZSI6MzAwMDAwMDAwMDAwfX0=",
          "dependencies": [
            "aws_lb.main",
            "aws_lb_target_group.app",
            "aws_security_group.alb",
            "data.aws_subnets.private",
            "data.aws_vpc.default_vpc"
          ]
        }
      ]
    },
    {
      "mode": "managed",
      "type": "aws_lb_target_group",
      "name": "app",
      "provider": "provider[\"registry.terraform.io/hashicorp/aws\"]",
      "instances": [
        {
          "schema_version": 0,
          "attributes": {
            "arn": "arn:aws:elasticloadbalancing:eu-north-1:303981612052:targetgroup/flask-app-tf-tg/ee96aad8dbcbc16d",
            "arn_suffix": "targetgroup/flask-app-tf-tg/ee96aad8dbcbc16d",
            "connection_termination": null,
            "deregistration_delay": "300",
            "health_check": [
              {
                "enabled": true,
                "healthy_threshold": 2,
                "interval": 30,
                "matcher": "200",
                "path": "/",
                "port": "traffic-port",
                "protocol": "HTTP",
                "timeout": 5,
                "unhealthy_threshold": 2
              }
            ],
            "id": "arn:aws:elasticloadbalancing:eu-north-1:303981612052:targetgroup/flask-app-tf-tg/ee96aad8dbcbc16d",
            "ip_address_type": "ipv4",
            "lambda_multi_value_headers_enabled": false,
            "load_balancer_arns": [
              "arn:aws:elasticloadbalancing:eu-north-1:303981612052:loadbalancer/app/flask-app-tf-alb/eac5bc396eeebb8d"
            ],
            "load_balancing_algorithm_type": "round_robin",
            "load_balancing_anomaly_mitigation": "off",
            "load_balancing_cross_zone_enabled": "use_load_balancer_configuration",
            "name": "flask-app-tf-tg",
            "name_prefix": "",
            "port": 5000,
            "preserve_client_ip": null,
            "protocol": "HTTP",
            "protocol_version": "HTTP1",
            "proxy_protocol_v2": false,
            "slow_start": 0,
            "stickiness": [
              {
                "cookie_duration": 86400,
                "cookie_name": "",
                "enabled": false,
                "type": "lb_cookie"
              }
            ],
            "tags": {
              "Application": "flask-hello-world",
              "Billing": "foo_bar",
              "Client": "travelperk",
              "CreatedDate": "2025-06-30",
              "Github": "fargate-app",
              "Managed": "terraform",
              "Name": "flask-app-tf-tg",
              "Owner": "bmeadmore",
              "Region": "eu-north-1",
              "Stage": "prod"
            },
            "tags_all": {
              "Application": "flask-hello-world",
              "Billing": "foo_bar",
              "Client": "travelperk",
              "CreatedDate": "2025-06-30",
              "Github": "fargate-app",
              "Managed": "terraform",
              "Name": "flask-app-tf-tg",
              "Owner": "bmeadmore",
              "Region": "eu-north-1",
              "Stage": "prod"
            },
            "target_failover": [
              {
                "on_deregistration": null,
                "on_unhealthy": null
              }
            ],
            "target_group_health": [
              {
                "dns_failover": [
                  {
                    "minimum_healthy_targets_count": "1",
                    "minimum_healthy_targets_percentage": "off"
                  }
                ],
                "unhealthy_state_routing": [
                  {
                    "minimum_healthy_targets_count": 1,
                    "minimum_healthy_targets_percentage": "off"
                  }
                ]
              }
            ],
            "target_health_state": [
              {
                "enable_unhealthy_connection_termination": null,
                "unhealthy_draining_interval": null
              }
            ],
            "target_type": "ip",
            "vpc_id": "vpc-02052c2eb890946a4"
          },
          "sensitive_attributes": [],
          "identity_schema_version": 0,
          "private": "bnVsbA==",
          "dependencies": [
            "data.aws_vpc.default_vpc"
          ]
        }
      ]
    },
    {
      "mode": "managed",
      "type": "aws_security_group",
      "name": "alb",
      "provider": "provider[\"registry.terraform.io/hashicorp/aws\"]",
      "instances": [
        {
          "schema_version": 1,
          "attributes": {
            "arn": "arn:aws:ec2:eu-north-1:303981612052:security-group/sg-0ec2f58c89c9b9c22",
            "description": "Managed by Terraform",
            "egress": [
              {
                "cidr_blocks": [
                  "0.0.0.0/0"
                ],
                "description": "",
                "from_port": 0,
                "ipv6_cidr_blocks": [],
                "prefix_list_ids": [],
                "protocol": "-1",
                "security_groups": [],
                "self": false,
                "to_port": 0
              }
            ],
            "id": "sg-0ec2f58c89c9b9c22",
            "ingress": [
              {
                "cidr_blocks": [
                  "0.0.0.0/0"
                ],
                "description": "",
                "from_port": 80,
                "ipv6_cidr_blocks": [],
                "prefix_list_ids": [],
                "protocol": "tcp",
                "security_groups": [],
                "self": false,
                "to_port": 80
              }
            ],
            "name": "flask-app-tf-alb-20250605144851483200000001",
            "name_prefix": "flask-app-tf-alb-",
            "owner_id": "303981612052",
            "revoke_rules_on_delete": false,
            "tags": {
              "Application": "flask-hello-world",
              "Billing": "foo_bar",
              "Client": "travelperk",
              "CreatedDate": "2025-06-30",
              "Github": "fargate-app",
              "Managed": "terraform",
              "Name": "flask-app-tf-alb-sg",
              "Owner": "bmeadmore",
              "Region": "eu-north-1",
              "Stage": "prod"
            },
            "tags_all": {
              "Application": "flask-hello-world",
              "Billing": "foo_bar",
              "Client": "travelperk",
              "CreatedDate": "2025-06-30",
              "Github": "fargate-app",
              "Managed": "terraform",
              "Name": "flask-app-tf-alb-sg",
              "Owner": "bmeadmore",
              "Region": "eu-north-1",
              "Stage": "prod"
            },
            "timeouts": null,
            "vpc_id": "vpc-02052c2eb890946a4"
          },
          "sensitive_attributes": [],
          "identity_schema_version": 0,
          "private": "eyJlMmJmYjczMC1lY2FhLTExZTYtOGY4OC0zNDM2M2JjN2M0YzAiOnsiY3JlYXRlIjo2MDAwMDAwMDAwMDAsImRlbGV0ZSI6OTAwMDAwMDAwMDAwfSwic2NoZW1hX3ZlcnNpb24iOiIxIn0=",
          "dependencies": [
            "data.aws_vpc.default_vpc"
          ]
        }
      ]
    },
    {
      "mode": "managed",
      "type": "aws_security_group",
      "name": "ecs_tasks",
      "provider": "provider[\"registry.terraform.io/hashicorp/aws\"]",
      "instances": [
        {
          "schema_version": 1,
          "attributes": {
            "arn": "arn:aws:ec2:eu-north-1:303981612052:security-group/sg-08ce18c6d86c44a75",
            "description": "Managed by Terraform",
            "egress": [
              {
                "cidr_blocks": [
                  "0.0.0.0/0"
                ],
                "description": "",
                "from_port": 0,
                "ipv6_cidr_blocks": [],
                "prefix_list_ids": [],
                "protocol": "-1",
                "security_groups": [],
                "self": false,
                "to_port": 0
              }
            ],
            "id": "sg-08ce18c6d86c44a75",
            "ingress": [
              {
                "cidr_blocks": [],
                "description": "",
                "from_port": 5000,
                "ipv6_cidr_blocks": [],
                "prefix_list_ids": [],
                "protocol": "tcp",
                "security_groups": [
                  "sg-0ec2f58c89c9b9c22"
                ],
                "self": false,
                "to_port": 5000
              }
            ],
            "name": "flask-app-tf-ecs-20250605144853708000000002",
            "name_prefix": "flask-app-tf-ecs-",
            "owner_id": "303981612052",
            "revoke_rules_on_delete": false,
            "tags": {
              "Application": "flask-hello-world",
              "Billing": "foo_bar",
              "Client": "travelperk",
              "CreatedDate": "2025-06-30",
              "Github": "fargate-app",
              "Managed": "terraform",
              "Name": "flask-app-tf-ecs-sg",
              "Owner": "bmeadmore",
              "Region": "eu-north-1",
              "Stage": "prod"
            },
            "tags_all": {
              "Application": "flask-hello-world",
              "Billing": "foo_bar",
              "Client": "travelperk",
              "CreatedDate": "2025-06-30",
              "Github": "fargate-app",
              "Managed": "terraform",
              "Name": "flask-app-tf-ecs-sg",
              "Owner": "bmeadmore",
              "Region": "eu-north-1",
              "Stage": "prod"
            },
            "timeouts": null,
            "vpc_id": "vpc-02052c2eb890946a4"
          },
          "sensitive_attributes": [],
          "identity_schema_version": 0,
          "private": "eyJlMmJmYjczMC1lY2FhLTExZTYtOGY4OC0zNDM2M2JjN2M0YzAiOnsiY3JlYXRlIjo2MDAwMDAwMDAwMDAsImRlbGV0ZSI6OTAwMDAwMDAwMDAwfSwic2NoZW1hX3ZlcnNpb24iOiIxIn0=",
          "dependencies": [
            "aws_security_group.alb",
            "data.aws_vpc.default_vpc"
          ]
        }
      ]
    }
  ],
  "check_results": null
}
